
Microsoft Visual Studio Solution File, Format Version 12.00
# Visual Studio Version 16
VisualStudioVersion = 16.0.33920.266
MinimumVisualStudioVersion = 10.0.40219.1
Project("{FAE04EC0-301F-11D3-BF4B-00C04F79EFBC}") = "eTickets", "eTickets\eTickets.csproj", "{1A34B3DF-8856-4DC9-99FA-AF38FB2FA27D}"
EndProject
Global
	GlobalSection(SolutionConfigurationPlatforms) = preSolution
		Debug|Any CPU = Debug|Any CPU
		Release|Any CPU = Release|Any CPU
	EndGlobalSection
	GlobalSection(ProjectConfigurationPlatforms) = postSolution
		{1A34B3DF-8856-4DC9-99FA-AF38FB2FA27D}.Debug|Any CPU.ActiveCfg = Debug|Any CPU
		{1A34B3DF-8856-4DC9-99FA-AF38FB2FA27D}.Debug|Any CPU.Build.0 = Debug|Any CPU
		{1A34B3DF-8856-4DC9-99FA-AF38FB2FA27D}.Release|Any CPU.ActiveCfg = Release|Any CPU
		{1A34B3DF-8856-4DC9-99FA-AF38FB2FA27D}.Release|Any CPU.Build.0 = Release|Any CPU
	EndGlobalSection
	GlobalSection(SolutionProperties) = preSolution
		HideSolutionNode = FALSE
	EndGlobalSection
	GlobalSection(ExtensibilityGlobals) = postSolution
		SolutionGuid = {D9EBA978-3C7A-4492-9C71-74A12188D10A}
	EndGlobalSection
EndGlobal
